// !$*UTF8*$!
{
	archiveVersion = 1;
	classes = {
	};
	objectVersion = 56;
	objects = {

/* Begin PBXBuildFile section */
		0B170A002B8E50EC00F8D0B1 /* LumenMemoryApp.swift in Sources */ = {isa = PBXBuildFile; fileRef = 0B1709FF2B8E50EC00F8D0B1 /* LumenMemoryApp.swift */; };
		0B170A022B8E50EC00F8D0B1 /* ContentView.swift in Sources */ = {isa = PBXBuildFile; fileRef = 0B170A012B8E50EC00F8D0B1 /* ContentView.swift */; };
		0B170A042B8E50EF00F8D0B1 /* Assets.xcassets in Resources */ = {isa = PBXBuildFile; fileRef = 0B170A032B8E50EF00F8D0B1 /* Assets.xcassets */; };
		0B170A072B8E50EF00F8D0B1 /* Preview Assets.xcassets in Resources */ = {isa = PBXBuildFile; fileRef = 0B170A062B8E50EF00F8D0B1 /* Preview Assets.xcassets */; };
		0B170A0D2B8E50EF00F8D0B1 /* LumenMemory Watch App.app in Embed Watch Content */ = {isa = PBXBuildFile; fileRef = 0B170A0C2B8E50EF00F8D0B1 /* LumenMemory Watch App.app */; settings = {ATTRIBUTES = (RemoveHeadersOnCopy, ); }; };
		0B170A122B8E50EF00F8D0B1 /* LumenMemoryApp.swift in Sources */ = {isa = PBXBuildFile; fileRef = 0B170A112B8E50EF00F8D0B1 /* LumenMemoryApp.swift */; };
		0B170A142B8E50EF00F8D0B1 /* ContentView.swift in Sources */ = {isa = PBXBuildFile; fileRef = 0B170A132B8E50EF00F8D0B1 /* ContentView.swift */; };
		0B170A162B8E50F000F8D0B1 /* Assets.xcassets in Resources */ = {isa = PBXBuildFile; fileRef = 0B170A152B8E50F000F8D0B1 /* Assets.xcassets */; };
		0B170A192B8E50F000F8D0B1 /* Preview Assets.xcassets in Resources */ = {isa = PBXBuildFile; fileRef = 0B170A182B8E50F000F8D0B1 /* Preview Assets.xcassets */; };
		0B170A282B8E564000F8D0B1 /* WatchConnector.swift in Sources */ = {isa = PBXBuildFile; fileRef = 0B170A272B8E564000F8D0B1 /* WatchConnector.swift */; };
		0B170A2A2B8E571E00F8D0B1 /* WatchToiOSConnector.swift in Sources */ = {isa = PBXBuildFile; fileRef = 0B170A292B8E571E00F8D0B1 /* WatchToiOSConnector.swift */; };
		0B170A2C2B8E5E6900F8D0B1 /* GameColor.swift in Sources */ = {isa = PBXBuildFile; fileRef = 0B170A2B2B8E5E6900F8D0B1 /* GameColor.swift */; };
		0B170A2D2B8E5E6900F8D0B1 /* GameColor.swift in Sources */ = {isa = PBXBuildFile; fileRef = 0B170A2B2B8E5E6900F8D0B1 /* GameColor.swift */; };
		0B170A332B8E87AE00F8D0B1 /* HomeView.swift in Sources */ = {isa = PBXBuildFile; fileRef = 0B170A322B8E87AE00F8D0B1 /* HomeView.swift */; };
		0B170A372B8E8B3C00F8D0B1 /* HomeKitStorage.swift in Sources */ = {isa = PBXBuildFile; fileRef = 0B170A362B8E8B3C00F8D0B1 /* HomeKitStorage.swift */; };
		0B170A392B8E8DC300F8D0B1 /* HomesListPage.swift in Sources */ = {isa = PBXBuildFile; fileRef = 0B170A382B8E8DC300F8D0B1 /* HomesListPage.swift */; };
		0B170A3D2B8E947F00F8D0B1 /* HomeDetailView.swift in Sources */ = {isa = PBXBuildFile; fileRef = 0B170A3C2B8E947F00F8D0B1 /* HomeDetailView.swift */; };
		0B3398842B97CF3500532C6E /* GameButtonStyle.swift in Sources */ = {isa = PBXBuildFile; fileRef = 0B3398832B97CF3500532C6E /* GameButtonStyle.swift */; };
		0B3398852B97CF3500532C6E /* GameButtonStyle.swift in Sources */ = {isa = PBXBuildFile; fileRef = 0B3398832B97CF3500532C6E /* GameButtonStyle.swift */; };
		0B51F5642B94C2B10010AFD8 /* String+isNameValid.swift in Sources */ = {isa = PBXBuildFile; fileRef = 0B51F5632B94C2B10010AFD8 /* String+isNameValid.swift */; };
		0B51F5652B94C2B10010AFD8 /* String+isNameValid.swift in Sources */ = {isa = PBXBuildFile; fileRef = 0B51F5632B94C2B10010AFD8 /* String+isNameValid.swift */; };
		0B51F5672B94C79C0010AFD8 /* GameMenuView.swift in Sources */ = {isa = PBXBuildFile; fileRef = 0B51F5662B94C79C0010AFD8 /* GameMenuView.swift */; };
		0B51F5692B94E1D30010AFD8 /* GameView.swift in Sources */ = {isa = PBXBuildFile; fileRef = 0B51F5682B94E1D30010AFD8 /* GameView.swift */; };
		0B51F5B62B97A5890010AFD8 /* Collection+Safe.swift in Sources */ = {isa = PBXBuildFile; fileRef = 0B51F5B52B97A5890010AFD8 /* Collection+Safe.swift */; };
/* End PBXBuildFile section */

/* Begin PBXContainerItemProxy section */
		0B170A0E2B8E50EF00F8D0B1 /* PBXContainerItemProxy */ = {
			isa = PBXContainerItemProxy;
			containerPortal = 0B1709F42B8E50EC00F8D0B1 /* Project object */;
			proxyType = 1;
			remoteGlobalIDString = 0B170A0B2B8E50EF00F8D0B1;
			remoteInfo = "LumenMemory Watch App";
		};
/* End PBXContainerItemProxy section */

/* Begin PBXCopyFilesBuildPhase section */
		0B170A1F2B8E50F000F8D0B1 /* Embed Watch Content */ = {
			isa = PBXCopyFilesBuildPhase;
			buildActionMask = 2147483647;
			dstPath = "$(CONTENTS_FOLDER_PATH)/Watch";
			dstSubfolderSpec = 16;
			files = (
				0B170A0D2B8E50EF00F8D0B1 /* LumenMemory Watch App.app in Embed Watch Content */,
			);
			name = "Embed Watch Content";
			runOnlyForDeploymentPostprocessing = 0;
		};
/* End PBXCopyFilesBuildPhase section */

/* Begin PBXFileReference section */
		0B1709FC2B8E50EC00F8D0B1 /* LumenMemory.app */ = {isa = PBXFileReference; explicitFileType = wrapper.application; includeInIndex = 0; path = LumenMemory.app; sourceTree = BUILT_PRODUCTS_DIR; };
		0B1709FF2B8E50EC00F8D0B1 /* LumenMemoryApp.swift */ = {isa = PBXFileReference; lastKnownFileType = sourcecode.swift; path = LumenMemoryApp.swift; sourceTree = "<group>"; };
		0B170A012B8E50EC00F8D0B1 /* ContentView.swift */ = {isa = PBXFileReference; lastKnownFileType = sourcecode.swift; path = ContentView.swift; sourceTree = "<group>"; };
		0B170A032B8E50EF00F8D0B1 /* Assets.xcassets */ = {isa = PBXFileReference; lastKnownFileType = folder.assetcatalog; path = Assets.xcassets; sourceTree = "<group>"; };
		0B170A062B8E50EF00F8D0B1 /* Preview Assets.xcassets */ = {isa = PBXFileReference; lastKnownFileType = folder.assetcatalog; path = "Preview Assets.xcassets"; sourceTree = "<group>"; };
		0B170A0C2B8E50EF00F8D0B1 /* LumenMemory Watch App.app */ = {isa = PBXFileReference; explicitFileType = wrapper.application; includeInIndex = 0; path = "LumenMemory Watch App.app"; sourceTree = BUILT_PRODUCTS_DIR; };
		0B170A112B8E50EF00F8D0B1 /* LumenMemoryApp.swift */ = {isa = PBXFileReference; lastKnownFileType = sourcecode.swift; path = LumenMemoryApp.swift; sourceTree = "<group>"; };
		0B170A132B8E50EF00F8D0B1 /* ContentView.swift */ = {isa = PBXFileReference; lastKnownFileType = sourcecode.swift; path = ContentView.swift; sourceTree = "<group>"; };
		0B170A152B8E50F000F8D0B1 /* Assets.xcassets */ = {isa = PBXFileReference; lastKnownFileType = folder.assetcatalog; path = Assets.xcassets; sourceTree = "<group>"; };
		0B170A182B8E50F000F8D0B1 /* Preview Assets.xcassets */ = {isa = PBXFileReference; lastKnownFileType = folder.assetcatalog; path = "Preview Assets.xcassets"; sourceTree = "<group>"; };
		0B170A232B8E53F700F8D0B1 /* LumenMemory.entitlements */ = {isa = PBXFileReference; lastKnownFileType = text.plist.entitlements; path = LumenMemory.entitlements; sourceTree = "<group>"; };
		0B170A252B8E559D00F8D0B1 /* WatchConnectivity.framework */ = {isa = PBXFileReference; lastKnownFileType = wrapper.framework; name = WatchConnectivity.framework; path = Platforms/iPhoneOS.platform/Developer/SDKs/iPhoneOS17.0.sdk/System/Library/Frameworks/WatchConnectivity.framework; sourceTree = DEVELOPER_DIR; };
		0B170A272B8E564000F8D0B1 /* WatchConnector.swift */ = {isa = PBXFileReference; lastKnownFileType = sourcecode.swift; path = WatchConnector.swift; sourceTree = "<group>"; };
		0B170A292B8E571E00F8D0B1 /* WatchToiOSConnector.swift */ = {isa = PBXFileReference; lastKnownFileType = sourcecode.swift; path = WatchToiOSConnector.swift; sourceTree = "<group>"; };
		0B170A2B2B8E5E6900F8D0B1 /* GameColor.swift */ = {isa = PBXFileReference; lastKnownFileType = sourcecode.swift; path = GameColor.swift; sourceTree = "<group>"; };
		0B170A322B8E87AE00F8D0B1 /* HomeView.swift */ = {isa = PBXFileReference; lastKnownFileType = sourcecode.swift; path = HomeView.swift; sourceTree = "<group>"; };
		0B170A362B8E8B3C00F8D0B1 /* HomeKitStorage.swift */ = {isa = PBXFileReference; lastKnownFileType = sourcecode.swift; path = HomeKitStorage.swift; sourceTree = "<group>"; };
		0B170A382B8E8DC300F8D0B1 /* HomesListPage.swift */ = {isa = PBXFileReference; lastKnownFileType = sourcecode.swift; path = HomesListPage.swift; sourceTree = "<group>"; };
		0B170A3C2B8E947F00F8D0B1 /* HomeDetailView.swift */ = {isa = PBXFileReference; lastKnownFileType = sourcecode.swift; path = HomeDetailView.swift; sourceTree = "<group>"; };
		0B3398832B97CF3500532C6E /* GameButtonStyle.swift */ = {isa = PBXFileReference; lastKnownFileType = sourcecode.swift; path = GameButtonStyle.swift; sourceTree = "<group>"; };
		0B51F5632B94C2B10010AFD8 /* String+isNameValid.swift */ = {isa = PBXFileReference; lastKnownFileType = sourcecode.swift; path = "String+isNameValid.swift"; sourceTree = "<group>"; };
		0B51F5662B94C79C0010AFD8 /* GameMenuView.swift */ = {isa = PBXFileReference; lastKnownFileType = sourcecode.swift; path = GameMenuView.swift; sourceTree = "<group>"; };
		0B51F5682B94E1D30010AFD8 /* GameView.swift */ = {isa = PBXFileReference; lastKnownFileType = sourcecode.swift; path = GameView.swift; sourceTree = "<group>"; };
		0B51F5B52B97A5890010AFD8 /* Collection+Safe.swift */ = {isa = PBXFileReference; lastKnownFileType = sourcecode.swift; path = "Collection+Safe.swift"; sourceTree = "<group>"; };
/* End PBXFileReference section */

/* Begin PBXFrameworksBuildPhase section */
		0B1709F92B8E50EC00F8D0B1 /* Frameworks */ = {
			isa = PBXFrameworksBuildPhase;
			buildActionMask = 2147483647;
			files = (
			);
			runOnlyForDeploymentPostprocessing = 0;
		};
		0B170A092B8E50EF00F8D0B1 /* Frameworks */ = {
			isa = PBXFrameworksBuildPhase;
			buildActionMask = 2147483647;
			files = (
			);
			runOnlyForDeploymentPostprocessing = 0;
		};
/* End PBXFrameworksBuildPhase section */

/* Begin PBXGroup section */
		0B1709F32B8E50EC00F8D0B1 = {
			isa = PBXGroup;
			children = (
				0B1709FE2B8E50EC00F8D0B1 /* LumenMemory */,
				0B170A102B8E50EF00F8D0B1 /* LumenMemory Watch App */,
				0B1709FD2B8E50EC00F8D0B1 /* Products */,
				0B170A242B8E559D00F8D0B1 /* Frameworks */,
			);
			sourceTree = "<group>";
		};
		0B1709FD2B8E50EC00F8D0B1 /* Products */ = {
			isa = PBXGroup;
			children = (
				0B1709FC2B8E50EC00F8D0B1 /* LumenMemory.app */,
				0B170A0C2B8E50EF00F8D0B1 /* LumenMemory Watch App.app */,
			);
			name = Products;
			sourceTree = "<group>";
		};
		0B1709FE2B8E50EC00F8D0B1 /* LumenMemory */ = {
			isa = PBXGroup;
			children = (
				0B3398822B97CF0C00532C6E /* Style */,
				0B51F5622B94C27F0010AFD8 /* Tool */,
				0B170A232B8E53F700F8D0B1 /* LumenMemory.entitlements */,
				0B1709FF2B8E50EC00F8D0B1 /* LumenMemoryApp.swift */,
				0B170A012B8E50EC00F8D0B1 /* ContentView.swift */,
				0B170A322B8E87AE00F8D0B1 /* HomeView.swift */,
				0B170A032B8E50EF00F8D0B1 /* Assets.xcassets */,
				0B170A052B8E50EF00F8D0B1 /* Preview Content */,
				0B170A272B8E564000F8D0B1 /* WatchConnector.swift */,
				0B170A2B2B8E5E6900F8D0B1 /* GameColor.swift */,
				0B170A362B8E8B3C00F8D0B1 /* HomeKitStorage.swift */,
				0B170A382B8E8DC300F8D0B1 /* HomesListPage.swift */,
				0B170A3C2B8E947F00F8D0B1 /* HomeDetailView.swift */,
				0B51F5662B94C79C0010AFD8 /* GameMenuView.swift */,
				0B51F5682B94E1D30010AFD8 /* GameView.swift */,
			);
			path = LumenMemory;
			sourceTree = "<group>";
		};
		0B170A052B8E50EF00F8D0B1 /* Preview Content */ = {
			isa = PBXGroup;
			children = (
				0B170A062B8E50EF00F8D0B1 /* Preview Assets.xcassets */,
			);
			path = "Preview Content";
			sourceTree = "<group>";
		};
		0B170A102B8E50EF00F8D0B1 /* LumenMemory Watch App */ = {
			isa = PBXGroup;
			children = (
				0B170A112B8E50EF00F8D0B1 /* LumenMemoryApp.swift */,
				0B170A292B8E571E00F8D0B1 /* WatchToiOSConnector.swift */,
				0B170A132B8E50EF00F8D0B1 /* ContentView.swift */,
				0B170A152B8E50F000F8D0B1 /* Assets.xcassets */,
				0B170A172B8E50F000F8D0B1 /* Preview Content */,
			);
			path = "LumenMemory Watch App";
			sourceTree = "<group>";
		};
		0B170A172B8E50F000F8D0B1 /* Preview Content */ = {
			isa = PBXGroup;
			children = (
				0B170A182B8E50F000F8D0B1 /* Preview Assets.xcassets */,
			);
			path = "Preview Content";
			sourceTree = "<group>";
		};
		0B170A242B8E559D00F8D0B1 /* Frameworks */ = {
			isa = PBXGroup;
			children = (
				0B170A252B8E559D00F8D0B1 /* WatchConnectivity.framework */,
			);
			name = Frameworks;
			sourceTree = "<group>";
		};
		0B3398822B97CF0C00532C6E /* Style */ = {
			isa = PBXGroup;
			children = (
				0B3398832B97CF3500532C6E /* GameButtonStyle.swift */,
			);
			path = Style;
			sourceTree = "<group>";
		};
		0B51F5622B94C27F0010AFD8 /* Tool */ = {
			isa = PBXGroup;
			children = (
				0B51F5632B94C2B10010AFD8 /* String+isNameValid.swift */,
				0B51F5B52B97A5890010AFD8 /* Collection+Safe.swift */,
			);
			path = Tool;
			sourceTree = "<group>";
		};
/* End PBXGroup section */

/* Begin PBXNativeTarget section */
		0B1709FB2B8E50EC00F8D0B1 /* LumenMemory */ = {
			isa = PBXNativeTarget;
			buildConfigurationList = 0B170A202B8E50F000F8D0B1 /* Build configuration list for PBXNativeTarget "LumenMemory" */;
			buildPhases = (
				0B1709F82B8E50EC00F8D0B1 /* Sources */,
				0B1709F92B8E50EC00F8D0B1 /* Frameworks */,
				0B1709FA2B8E50EC00F8D0B1 /* Resources */,
				0B170A1F2B8E50F000F8D0B1 /* Embed Watch Content */,
			);
			buildRules = (
			);
			dependencies = (
				0B170A0F2B8E50EF00F8D0B1 /* PBXTargetDependency */,
			);
			name = LumenMemory;
			productName = LumenMemory;
			productReference = 0B1709FC2B8E50EC00F8D0B1 /* LumenMemory.app */;
			productType = "com.apple.product-type.application";
		};
		0B170A0B2B8E50EF00F8D0B1 /* LumenMemory Watch App */ = {
			isa = PBXNativeTarget;
			buildConfigurationList = 0B170A1C2B8E50F000F8D0B1 /* Build configuration list for PBXNativeTarget "LumenMemory Watch App" */;
			buildPhases = (
				0B170A082B8E50EF00F8D0B1 /* Sources */,
				0B170A092B8E50EF00F8D0B1 /* Frameworks */,
				0B170A0A2B8E50EF00F8D0B1 /* Resources */,
			);
			buildRules = (
			);
			dependencies = (
			);
			name = "LumenMemory Watch App";
			productName = "LumenMemory Watch App";
			productReference = 0B170A0C2B8E50EF00F8D0B1 /* LumenMemory Watch App.app */;
			productType = "com.apple.product-type.application";
		};
/* End PBXNativeTarget section */

/* Begin PBXProject section */
		0B1709F42B8E50EC00F8D0B1 /* Project object */ = {
			isa = PBXProject;
			attributes = {
				BuildIndependentTargetsInParallel = 1;
				LastSwiftUpdateCheck = 1500;
				LastUpgradeCheck = 1500;
				TargetAttributes = {
					0B1709FB2B8E50EC00F8D0B1 = {
						CreatedOnToolsVersion = 15.0.1;
					};
					0B170A0B2B8E50EF00F8D0B1 = {
						CreatedOnToolsVersion = 15.0.1;
					};
				};
			};
			buildConfigurationList = 0B1709F72B8E50EC00F8D0B1 /* Build configuration list for PBXProject "LumenMemory" */;
			compatibilityVersion = "Xcode 14.0";
			developmentRegion = en;
			hasScannedForEncodings = 0;
			knownRegions = (
				en,
				Base,
			);
			mainGroup = 0B1709F32B8E50EC00F8D0B1;
			productRefGroup = 0B1709FD2B8E50EC00F8D0B1 /* Products */;
			projectDirPath = "";
			projectRoot = "";
			targets = (
				0B1709FB2B8E50EC00F8D0B1 /* LumenMemory */,
				0B170A0B2B8E50EF00F8D0B1 /* LumenMemory Watch App */,
			);
		};
/* End PBXProject section */

/* Begin PBXResourcesBuildPhase section */
		0B1709FA2B8E50EC00F8D0B1 /* Resources */ = {
			isa = PBXResourcesBuildPhase;
			buildActionMask = 2147483647;
			files = (
				0B170A072B8E50EF00F8D0B1 /* Preview Assets.xcassets in Resources */,
				0B170A042B8E50EF00F8D0B1 /* Assets.xcassets in Resources */,
			);
			runOnlyForDeploymentPostprocessing = 0;
		};
		0B170A0A2B8E50EF00F8D0B1 /* Resources */ = {
			isa = PBXResourcesBuildPhase;
			buildActionMask = 2147483647;
			files = (
				0B170A192B8E50F000F8D0B1 /* Preview Assets.xcassets in Resources */,
				0B170A162B8E50F000F8D0B1 /* Assets.xcassets in Resources */,
			);
			runOnlyForDeploymentPostprocessing = 0;
		};
/* End PBXResourcesBuildPhase section */

/* Begin PBXSourcesBuildPhase section */
		0B1709F82B8E50EC00F8D0B1 /* Sources */ = {
			isa = PBXSourcesBuildPhase;
			buildActionMask = 2147483647;
			files = (
				0B51F5642B94C2B10010AFD8 /* String+isNameValid.swift in Sources */,
				0B170A022B8E50EC00F8D0B1 /* ContentView.swift in Sources */,
				0B170A282B8E564000F8D0B1 /* WatchConnector.swift in Sources */,
				0B170A372B8E8B3C00F8D0B1 /* HomeKitStorage.swift in Sources */,
				0B3398842B97CF3500532C6E /* GameButtonStyle.swift in Sources */,
				0B170A392B8E8DC300F8D0B1 /* HomesListPage.swift in Sources */,
				0B51F5692B94E1D30010AFD8 /* GameView.swift in Sources */,
				0B51F5B62B97A5890010AFD8 /* Collection+Safe.swift in Sources */,
				0B170A002B8E50EC00F8D0B1 /* LumenMemoryApp.swift in Sources */,
				0B51F5672B94C79C0010AFD8 /* GameMenuView.swift in Sources */,
				0B170A332B8E87AE00F8D0B1 /* HomeView.swift in Sources */,
				0B170A3D2B8E947F00F8D0B1 /* HomeDetailView.swift in Sources */,
				0B170A2C2B8E5E6900F8D0B1 /* GameColor.swift in Sources */,
			);
			runOnlyForDeploymentPostprocessing = 0;
		};
		0B170A082B8E50EF00F8D0B1 /* Sources */ = {
			isa = PBXSourcesBuildPhase;
			buildActionMask = 2147483647;
			files = (
				0B170A142B8E50EF00F8D0B1 /* ContentView.swift in Sources */,
				0B3398852B97CF3500532C6E /* GameButtonStyle.swift in Sources */,
				0B170A2A2B8E571E00F8D0B1 /* WatchToiOSConnector.swift in Sources */,
				0B170A122B8E50EF00F8D0B1 /* LumenMemoryApp.swift in Sources */,
				0B170A2D2B8E5E6900F8D0B1 /* GameColor.swift in Sources */,
				0B51F5652B94C2B10010AFD8 /* String+isNameValid.swift in Sources */,
			);
			runOnlyForDeploymentPostprocessing = 0;
		};
/* End PBXSourcesBuildPhase section */

/* Begin PBXTargetDependency section */
		0B170A0F2B8E50EF00F8D0B1 /* PBXTargetDependency */ = {
			isa = PBXTargetDependency;
			target = 0B170A0B2B8E50EF00F8D0B1 /* LumenMemory Watch App */;
			targetProxy = 0B170A0E2B8E50EF00F8D0B1 /* PBXContainerItemProxy */;
		};
/* End PBXTargetDependency section */

/* Begin XCBuildConfiguration section */
		0B170A1A2B8E50F000F8D0B1 /* Debug */ = {
			isa = XCBuildConfiguration;
			buildSettings = {
				ALWAYS_SEARCH_USER_PATHS = NO;
				ASSETCATALOG_COMPILER_GENERATE_SWIFT_ASSET_SYMBOL_EXTENSIONS = YES;
				CLANG_ANALYZER_NONNULL = YES;
				CLANG_ANALYZER_NUMBER_OBJECT_CONVERSION = YES_AGGRESSIVE;
				CLANG_CXX_LANGUAGE_STANDARD = "gnu++20";
				CLANG_ENABLE_MODULES = YES;
				CLANG_ENABLE_OBJC_ARC = YES;
				CLANG_ENABLE_OBJC_WEAK = YES;
				CLANG_WARN_BLOCK_CAPTURE_AUTORELEASING = YES;
				CLANG_WARN_BOOL_CONVERSION = YES;
				CLANG_WARN_COMMA = YES;
				CLANG_WARN_CONSTANT_CONVERSION = YES;
				CLANG_WARN_DEPRECATED_OBJC_IMPLEMENTATIONS = YES;
				CLANG_WARN_DIRECT_OBJC_ISA_USAGE = YES_ERROR;
				CLANG_WARN_DOCUMENTATION_COMMENTS = YES;
				CLANG_WARN_EMPTY_BODY = YES;
				CLANG_WARN_ENUM_CONVERSION = YES;
				CLANG_WARN_INFINITE_RECURSION = YES;
				CLANG_WARN_INT_CONVERSION = YES;
				CLANG_WARN_NON_LITERAL_NULL_CONVERSION = YES;
				CLANG_WARN_OBJC_IMPLICIT_RETAIN_SELF = YES;
				CLANG_WARN_OBJC_LITERAL_CONVERSION = YES;
				CLANG_WARN_OBJC_ROOT_CLASS = YES_ERROR;
				CLANG_WARN_QUOTED_INCLUDE_IN_FRAMEWORK_HEADER = YES;
				CLANG_WARN_RANGE_LOOP_ANALYSIS = YES;
				CLANG_WARN_STRICT_PROTOTYPES = YES;
				CLANG_WARN_SUSPICIOUS_MOVE = YES;
				CLANG_WARN_UNGUARDED_AVAILABILITY = YES_AGGRESSIVE;
				CLANG_WARN_UNREACHABLE_CODE = YES;
				CLANG_WARN__DUPLICATE_METHOD_MATCH = YES;
				COPY_PHASE_STRIP = NO;
				DEBUG_INFORMATION_FORMAT = dwarf;
				ENABLE_STRICT_OBJC_MSGSEND = YES;
				ENABLE_TESTABILITY = YES;
				ENABLE_USER_SCRIPT_SANDBOXING = YES;
				GCC_C_LANGUAGE_STANDARD = gnu17;
				GCC_DYNAMIC_NO_PIC = NO;
				GCC_NO_COMMON_BLOCKS = YES;
				GCC_OPTIMIZATION_LEVEL = 0;
				GCC_PREPROCESSOR_DEFINITIONS = (
					"DEBUG=1",
					"$(inherited)",
				);
				GCC_WARN_64_TO_32_BIT_CONVERSION = YES;
				GCC_WARN_ABOUT_RETURN_TYPE = YES_ERROR;
				GCC_WARN_UNDECLARED_SELECTOR = YES;
				GCC_WARN_UNINITIALIZED_AUTOS = YES_AGGRESSIVE;
				GCC_WARN_UNUSED_FUNCTION = YES;
				GCC_WARN_UNUSED_VARIABLE = YES;
				LOCALIZATION_PREFERS_STRING_CATALOGS = YES;
				MTL_ENABLE_DEBUG_INFO = INCLUDE_SOURCE;
				MTL_FAST_MATH = YES;
				ONLY_ACTIVE_ARCH = YES;
				SWIFT_ACTIVE_COMPILATION_CONDITIONS = "DEBUG $(inherited)";
				SWIFT_OPTIMIZATION_LEVEL = "-Onone";
			};
			name = Debug;
		};
		0B170A1B2B8E50F000F8D0B1 /* Release */ = {
			isa = XCBuildConfiguration;
			buildSettings = {
				ALWAYS_SEARCH_USER_PATHS = NO;
				ASSETCATALOG_COMPILER_GENERATE_SWIFT_ASSET_SYMBOL_EXTENSIONS = YES;
				CLANG_ANALYZER_NONNULL = YES;
				CLANG_ANALYZER_NUMBER_OBJECT_CONVERSION = YES_AGGRESSIVE;
				CLANG_CXX_LANGUAGE_STANDARD = "gnu++20";
				CLANG_ENABLE_MODULES = YES;
				CLANG_ENABLE_OBJC_ARC = YES;
				CLANG_ENABLE_OBJC_WEAK = YES;
				CLANG_WARN_BLOCK_CAPTURE_AUTORELEASING = YES;
				CLANG_WARN_BOOL_CONVERSION = YES;
				CLANG_WARN_COMMA = YES;
				CLANG_WARN_CONSTANT_CONVERSION = YES;
				CLANG_WARN_DEPRECATED_OBJC_IMPLEMENTATIONS = YES;
				CLANG_WARN_DIRECT_OBJC_ISA_USAGE = YES_ERROR;
				CLANG_WARN_DOCUMENTATION_COMMENTS = YES;
				CLANG_WARN_EMPTY_BODY = YES;
				CLANG_WARN_ENUM_CONVERSION = YES;
				CLANG_WARN_INFINITE_RECURSION = YES;
				CLANG_WARN_INT_CONVERSION = YES;
				CLANG_WARN_NON_LITERAL_NULL_CONVERSION = YES;
				CLANG_WARN_OBJC_IMPLICIT_RETAIN_SELF = YES;
				CLANG_WARN_OBJC_LITERAL_CONVERSION = YES;
				CLANG_WARN_OBJC_ROOT_CLASS = YES_ERROR;
				CLANG_WARN_QUOTED_INCLUDE_IN_FRAMEWORK_HEADER = YES;
				CLANG_WARN_RANGE_LOOP_ANALYSIS = YES;
				CLANG_WARN_STRICT_PROTOTYPES = YES;
				CLANG_WARN_SUSPICIOUS_MOVE = YES;
				CLANG_WARN_UNGUARDED_AVAILABILITY = YES_AGGRESSIVE;
				CLANG_WARN_UNREACHABLE_CODE = YES;
				CLANG_WARN__DUPLICATE_METHOD_MATCH = YES;
				COPY_PHASE_STRIP = NO;
				DEBUG_INFORMATION_FORMAT = "dwarf-with-dsym";
				ENABLE_NS_ASSERTIONS = NO;
				ENABLE_STRICT_OBJC_MSGSEND = YES;
				ENABLE_USER_SCRIPT_SANDBOXING = YES;
				GCC_C_LANGUAGE_STANDARD = gnu17;
				GCC_NO_COMMON_BLOCKS = YES;
				GCC_WARN_64_TO_32_BIT_CONVERSION = YES;
				GCC_WARN_ABOUT_RETURN_TYPE = YES_ERROR;
				GCC_WARN_UNDECLARED_SELECTOR = YES;
				GCC_WARN_UNINITIALIZED_AUTOS = YES_AGGRESSIVE;
				GCC_WARN_UNUSED_FUNCTION = YES;
				GCC_WARN_UNUSED_VARIABLE = YES;
				LOCALIZATION_PREFERS_STRING_CATALOGS = YES;
				MTL_ENABLE_DEBUG_INFO = NO;
				MTL_FAST_MATH = YES;
				SWIFT_COMPILATION_MODE = wholemodule;
			};
			name = Release;
		};
		0B170A1D2B8E50F000F8D0B1 /* Debug */ = {
			isa = XCBuildConfiguration;
			buildSettings = {
				ASSETCATALOG_COMPILER_APPICON_NAME = AppIcon;
				ASSETCATALOG_COMPILER_GLOBAL_ACCENT_COLOR_NAME = AccentColor;
				CODE_SIGN_STYLE = Automatic;
				CURRENT_PROJECT_VERSION = 1;
				DEVELOPMENT_ASSET_PATHS = "\"LumenMemory Watch App/Preview Content\"";
				DEVELOPMENT_TEAM = 93A2ZX8KPJ;
				ENABLE_PREVIEWS = YES;
				GENERATE_INFOPLIST_FILE = YES;
				INFOPLIST_KEY_CFBundleDisplayName = LumenMemory;
				INFOPLIST_KEY_UISupportedInterfaceOrientations = "UIInterfaceOrientationPortrait UIInterfaceOrientationPortraitUpsideDown";
				INFOPLIST_KEY_WKCompanionAppBundleIdentifier = zinedineMegnouche.LumenMemory;
				LD_RUNPATH_SEARCH_PATHS = (
					"$(inherited)",
					"@executable_path/Frameworks",
				);
				MARKETING_VERSION = 1.0;
				PRODUCT_BUNDLE_IDENTIFIER = zinedineMegnouche.LumenMemory.watchkitapp;
				PRODUCT_NAME = "$(TARGET_NAME)";
				SDKROOT = watchos;
				SKIP_INSTALL = YES;
				SWIFT_EMIT_LOC_STRINGS = YES;
				SWIFT_VERSION = 5.0;
				TARGETED_DEVICE_FAMILY = 4;
				WATCHOS_DEPLOYMENT_TARGET = 10.0;
			};
			name = Debug;
		};
		0B170A1E2B8E50F000F8D0B1 /* Release */ = {
			isa = XCBuildConfiguration;
			buildSettings = {
				ASSETCATALOG_COMPILER_APPICON_NAME = AppIcon;
				ASSETCATALOG_COMPILER_GLOBAL_ACCENT_COLOR_NAME = AccentColor;
				CODE_SIGN_STYLE = Automatic;
				CURRENT_PROJECT_VERSION = 1;
				DEVELOPMENT_ASSET_PATHS = "\"LumenMemory Watch App/Preview Content\"";
				DEVELOPMENT_TEAM = 93A2ZX8KPJ;
				ENABLE_PREVIEWS = YES;
				GENERATE_INFOPLIST_FILE = YES;
				INFOPLIST_KEY_CFBundleDisplayName = LumenMemory;
				INFOPLIST_KEY_UISupportedInterfaceOrientations = "UIInterfaceOrientationPortrait UIInterfaceOrientationPortraitUpsideDown";
				INFOPLIST_KEY_WKCompanionAppBundleIdentifier = zinedineMegnouche.LumenMemory;
				LD_RUNPATH_SEARCH_PATHS = (
					"$(inherited)",
					"@executable_path/Frameworks",
				);
				MARKETING_VERSION = 1.0;
				PRODUCT_BUNDLE_IDENTIFIER = zinedineMegnouche.LumenMemory.watchkitapp;
				PRODUCT_NAME = "$(TARGET_NAME)";
				SDKROOT = watchos;
				SKIP_INSTALL = YES;
				SWIFT_EMIT_LOC_STRINGS = YES;
				SWIFT_VERSION = 5.0;
				TARGETED_DEVICE_FAMILY = 4;
				VALIDATE_PRODUCT = YES;
				WATCHOS_DEPLOYMENT_TARGET = 10.0;
			};
			name = Release;
		};
		0B170A212B8E50F000F8D0B1 /* Debug */ = {
			isa = XCBuildConfiguration;
			buildSettings = {
				ALWAYS_EMBED_SWIFT_STANDARD_LIBRARIES = YES;
				ASSETCATALOG_COMPILER_APPICON_NAME = AppIcon;
				ASSETCATALOG_COMPILER_GLOBAL_ACCENT_COLOR_NAME = AccentColor;
				CODE_SIGN_ENTITLEMENTS = LumenMemory/LumenMemory.entitlements;
				CODE_SIGN_IDENTITY = "Apple Development";
				CODE_SIGN_STYLE = Automatic;
				CURRENT_PROJECT_VERSION = 1;
				DEVELOPMENT_ASSET_PATHS = "\"LumenMemory/Preview Content\"";
				DEVELOPMENT_TEAM = 93A2ZX8KPJ;
				ENABLE_PREVIEWS = YES;
				GENERATE_INFOPLIST_FILE = YES;
				INFOPLIST_KEY_CFBundleDisplayName = LumenMemory;
				INFOPLIST_KEY_NSHomeKitUsageDescription = "Application a besoin de se connecter à vos appareils de domotiques";
				INFOPLIST_KEY_UIApplicationSceneManifest_Generation = YES;
				INFOPLIST_KEY_UIApplicationSupportsIndirectInputEvents = YES;
				INFOPLIST_KEY_UILaunchScreen_Generation = YES;
				INFOPLIST_KEY_UISupportedInterfaceOrientations_iPad = "UIInterfaceOrientationPortrait UIInterfaceOrientationPortraitUpsideDown UIInterfaceOrientationLandscapeLeft UIInterfaceOrientationLandscapeRight";
				INFOPLIST_KEY_UISupportedInterfaceOrientations_iPhone = "UIInterfaceOrientationPortrait UIInterfaceOrientationLandscapeLeft UIInterfaceOrientationLandscapeRight";
				IPHONEOS_DEPLOYMENT_TARGET = 17.0;
				LD_RUNPATH_SEARCH_PATHS = (
					"$(inherited)",
					"@executable_path/Frameworks",
				);
				MARKETING_VERSION = 1.0;
				PRODUCT_BUNDLE_IDENTIFIER = zinedineMegnouche.LumenMemory;
				PRODUCT_NAME = "$(TARGET_NAME)";
				PROVISIONING_PROFILE_SPECIFIER = "";
				SDKROOT = iphoneos;
				SWIFT_EMIT_LOC_STRINGS = YES;
				SWIFT_VERSION = 5.0;
				TARGETED_DEVICE_FAMILY = "1,2";
			};
			name = Debug;
		};
		0B170A222B8E50F000F8D0B1 /* Release */ = {
			isa = XCBuildConfiguration;
			buildSettings = {
				ALWAYS_EMBED_SWIFT_STANDARD_LIBRARIES = YES;
				ASSETCATALOG_COMPILER_APPICON_NAME = AppIcon;
				ASSETCATALOG_COMPILER_GLOBAL_ACCENT_COLOR_NAME = AccentColor;
				CODE_SIGN_ENTITLEMENTS = LumenMemory/LumenMemory.entitlements;
				CODE_SIGN_IDENTITY = "Apple Development";
				CODE_SIGN_STYLE = Automatic;
				CURRENT_PROJECT_VERSION = 1;
				DEVELOPMENT_ASSET_PATHS = "\"LumenMemory/Preview Content\"";
				DEVELOPMENT_TEAM = 93A2ZX8KPJ;
				ENABLE_PREVIEWS = YES;
				GENERATE_INFOPLIST_FILE = YES;
				INFOPLIST_KEY_CFBundleDisplayName = LumenMemory;
				INFOPLIST_KEY_NSHomeKitUsageDescription = "Application a besoin de se connecter à vos appareils de domotiques";
				INFOPLIST_KEY_UIApplicationSceneManifest_Generation = YES;
				INFOPLIST_KEY_UIApplicationSupportsIndirectInputEvents = YES;
				INFOPLIST_KEY_UILaunchScreen_Generation = YES;
				INFOPLIST_KEY_UISupportedInterfaceOrientations_iPad = "UIInterfaceOrientationPortrait UIInterfaceOrientationPortraitUpsideDown UIInterfaceOrientationLandscapeLeft UIInterfaceOrientationLandscapeRight";
				INFOPLIST_KEY_UISupportedInterfaceOrientations_iPhone = "UIInterfaceOrientationPortrait UIInterfaceOrientationLandscapeLeft UIInterfaceOrientationLandscapeRight";
				IPHONEOS_DEPLOYMENT_TARGET = 17.0;
				LD_RUNPATH_SEARCH_PATHS = (
					"$(inherited)",
					"@executable_path/Frameworks",
				);
				MARKETING_VERSION = 1.0;
				PRODUCT_BUNDLE_IDENTIFIER = zinedineMegnouche.LumenMemory;
				PRODUCT_NAME = "$(TARGET_NAME)";
				PROVISIONING_PROFILE_SPECIFIER = "";
				SDKROOT = iphoneos;
				SWIFT_EMIT_LOC_STRINGS = YES;
				SWIFT_VERSION = 5.0;
				TARGETED_DEVICE_FAMILY = "1,2";
				VALIDATE_PRODUCT = YES;
			};
			name = Release;
		};
/* End XCBuildConfiguration section */

/* Begin XCConfigurationList section */
		0B1709F72B8E50EC00F8D0B1 /* Build configuration list for PBXProject "LumenMemory" */ = {
			isa = XCConfigurationList;
			buildConfigurations = (
				0B170A1A2B8E50F000F8D0B1 /* Debug */,
				0B170A1B2B8E50F000F8D0B1 /* Release */,
			);
			defaultConfigurationIsVisible = 0;
			defaultConfigurationName = Release;
		};
		0B170A1C2B8E50F000F8D0B1 /* Build configuration list for PBXNativeTarget "LumenMemory Watch App" */ = {
			isa = XCConfigurationList;
			buildConfigurations = (
				0B170A1D2B8E50F000F8D0B1 /* Debug */,
				0B170A1E2B8E50F000F8D0B1 /* Release */,
			);
			defaultConfigurationIsVisible = 0;
			defaultConfigurationName = Release;
		};
		0B170A202B8E50F000F8D0B1 /* Build configuration list for PBXNativeTarget "LumenMemory" */ = {
			isa = XCConfigurationList;
			buildConfigurations = (
				0B170A212B8E50F000F8D0B1 /* Debug */,
				0B170A222B8E50F000F8D0B1 /* Release */,
			);
			defaultConfigurationIsVisible = 0;
			defaultConfigurationName = Release;
		};
/* End XCConfigurationList section */
	};
	rootObject = 0B1709F42B8E50EC00F8D0B1 /* Project object */;
}
